
Microsoft Visual Studio Solution File, Format Version 12.00
# Visual Studio Version 17
VisualStudioVersion = 17.0.31912.275
MinimumVisualStudioVersion = 10.0.40219.1
Project("{2150E333-8FDC-42A3-9474-1A3956D46DE8}") = "1-API", "1-API", "{7646854F-908F-4B45-9742-8807E4D0405C}"
EndProject
Project("{2150E333-8FDC-42A3-9474-1A3956D46DE8}") = "2-Domain", "2-Domain", "{682F57DB-2096-4ABB-B58B-555ABA31CF16}"
EndProject
Project("{2150E333-8FDC-42A3-9474-1A3956D46DE8}") = "3-Service", "3-Service", "{6852E3FA-D1D4-4D8B-A7AB-5AE6E2B5CE68}"
EndProject
Project("{2150E333-8FDC-42A3-9474-1A3956D46DE8}") = "4-Infra", "4-Infra", "{0CB172EB-6B3E-471C-A5D1-2392DB9EC3BB}"
EndProject
Project("{2150E333-8FDC-42A3-9474-1A3956D46DE8}") = "4.1-Data", "4.1-Data", "{00C48ACF-2DB7-4418-AB91-69B2959EB1A3}"
EndProject
Project("{9A19103F-16F7-4668-BE54-9A1E7A4F7556}") = "Kattalist.API", "src\Kattalist.API\Kattalist.API.csproj", "{4E73B7A7-72DF-493C-8D97-83945766B359}"
EndProject
Project("{9A19103F-16F7-4668-BE54-9A1E7A4F7556}") = "Kattalist.Domain", "src\Kattalist.Domain\Kattalist.Domain.csproj", "{E99CE79E-5D79-4B7A-8363-A5221C1E45F7}"
EndProject
Project("{2150E333-8FDC-42A3-9474-1A3956D46DE8}") = "5-Test", "5-Test", "{C9C42B24-0C21-4028-A829-D14FF48B91EF}"
EndProject
Project("{9A19103F-16F7-4668-BE54-9A1E7A4F7556}") = "Kattalist.Test", "tests\Kattalist.Test\Kattalist.Test.csproj", "{825EA6AB-506D-4695-8CB6-BA1565BB4F0D}"
EndProject
Project("{9A19103F-16F7-4668-BE54-9A1E7A4F7556}") = "Kattalist.Service", "src\Kattalist.Service\Kattalist.Service.csproj", "{C78D11C2-0AEC-4DF9-9E73-60B4E96DEFB5}"
EndProject
Project("{9A19103F-16F7-4668-BE54-9A1E7A4F7556}") = "Kattalist.Infra.Data", "src\Kattalist.Infra.Data\Kattalist.Infra.Data.csproj", "{E6848078-EDBE-40B9-BDE3-C78110B05936}"
EndProject
Global
	GlobalSection(SolutionConfigurationPlatforms) = preSolution
		Debug|Any CPU = Debug|Any CPU
		Release|Any CPU = Release|Any CPU
	EndGlobalSection
	GlobalSection(ProjectConfigurationPlatforms) = postSolution
		{4E73B7A7-72DF-493C-8D97-83945766B359}.Debug|Any CPU.ActiveCfg = Debug|Any CPU
		{4E73B7A7-72DF-493C-8D97-83945766B359}.Debug|Any CPU.Build.0 = Debug|Any CPU
		{4E73B7A7-72DF-493C-8D97-83945766B359}.Release|Any CPU.ActiveCfg = Release|Any CPU
		{4E73B7A7-72DF-493C-8D97-83945766B359}.Release|Any CPU.Build.0 = Release|Any CPU
		{E99CE79E-5D79-4B7A-8363-A5221C1E45F7}.Debug|Any CPU.ActiveCfg = Debug|Any CPU
		{E99CE79E-5D79-4B7A-8363-A5221C1E45F7}.Debug|Any CPU.Build.0 = Debug|Any CPU
		{E99CE79E-5D79-4B7A-8363-A5221C1E45F7}.Release|Any CPU.ActiveCfg = Release|Any CPU
		{E99CE79E-5D79-4B7A-8363-A5221C1E45F7}.Release|Any CPU.Build.0 = Release|Any CPU
		{825EA6AB-506D-4695-8CB6-BA1565BB4F0D}.Debug|Any CPU.ActiveCfg = Debug|Any CPU
		{825EA6AB-506D-4695-8CB6-BA1565BB4F0D}.Debug|Any CPU.Build.0 = Debug|Any CPU
		{825EA6AB-506D-4695-8CB6-BA1565BB4F0D}.Release|Any CPU.ActiveCfg = Release|Any CPU
		{825EA6AB-506D-4695-8CB6-BA1565BB4F0D}.Release|Any CPU.Build.0 = Release|Any CPU
		{C78D11C2-0AEC-4DF9-9E73-60B4E96DEFB5}.Debug|Any CPU.ActiveCfg = Debug|Any CPU
		{C78D11C2-0AEC-4DF9-9E73-60B4E96DEFB5}.Debug|Any CPU.Build.0 = Debug|Any CPU
		{C78D11C2-0AEC-4DF9-9E73-60B4E96DEFB5}.Release|Any CPU.ActiveCfg = Release|Any CPU
		{C78D11C2-0AEC-4DF9-9E73-60B4E96DEFB5}.Release|Any CPU.Build.0 = Release|Any CPU
		{E6848078-EDBE-40B9-BDE3-C78110B05936}.Debug|Any CPU.ActiveCfg = Debug|Any CPU
		{E6848078-EDBE-40B9-BDE3-C78110B05936}.Debug|Any CPU.Build.0 = Debug|Any CPU
		{E6848078-EDBE-40B9-BDE3-C78110B05936}.Release|Any CPU.ActiveCfg = Release|Any CPU
		{E6848078-EDBE-40B9-BDE3-C78110B05936}.Release|Any CPU.Build.0 = Release|Any CPU
	EndGlobalSection
	GlobalSection(SolutionProperties) = preSolution
		HideSolutionNode = FALSE
	EndGlobalSection
	GlobalSection(NestedProjects) = preSolution
		{00C48ACF-2DB7-4418-AB91-69B2959EB1A3} = {0CB172EB-6B3E-471C-A5D1-2392DB9EC3BB}
		{4E73B7A7-72DF-493C-8D97-83945766B359} = {7646854F-908F-4B45-9742-8807E4D0405C}
		{E99CE79E-5D79-4B7A-8363-A5221C1E45F7} = {682F57DB-2096-4ABB-B58B-555ABA31CF16}
		{825EA6AB-506D-4695-8CB6-BA1565BB4F0D} = {C9C42B24-0C21-4028-A829-D14FF48B91EF}
		{C78D11C2-0AEC-4DF9-9E73-60B4E96DEFB5} = {6852E3FA-D1D4-4D8B-A7AB-5AE6E2B5CE68}
		{E6848078-EDBE-40B9-BDE3-C78110B05936} = {00C48ACF-2DB7-4418-AB91-69B2959EB1A3}
	EndGlobalSection
	GlobalSection(ExtensibilityGlobals) = postSolution
		SolutionGuid = {9E77DD6D-8858-4378-A088-8CBBA00E7A03}
	EndGlobalSection
EndGlobal
